// !$*UTF8*$!
{
	archiveVersion = 1;
	classes = {
	};
	objectVersion = 77;
	objects = {

/* Begin PBXFileReference section */
		A2B7176E2EA5437900AF521F /* Index.html */ = {isa = PBXFileReference; lastKnownFileType = text.html; path = Index.html; sourceTree = "<group>"; };
		A2B7176F2EA543DF00AF521F /* app-a.md */ = {isa = PBXFileReference; lastKnownFileType = net.daringfireball.markdown; path = "app-a.md"; sourceTree = "<group>"; };
/* End PBXFileReference section */

/* Begin PBXGroup section */
		A2B717672EA5424E00AF521F = {
			isa = PBXGroup;
			children = (
				A2B7176E2EA5437900AF521F /* Index.html */,
				A2B717702EA543DF00AF521F /* readmes  */,
			);
			sourceTree = "<group>";
		};
		A2B717702EA543DF00AF521F /* readmes  */ = {
			isa = PBXGroup;
			children = (
				A2B7176F2EA543DF00AF521F /* app-a.md */,
			);
			path = "readmes ";
			sourceTree = "<group>";
		};
/* End PBXGroup section */

/* Begin PBXProject section */
		A2B717682EA5424E00AF521F /* Project object */ = {
			isa = PBXProject;
			attributes = {
				BuildIndependentTargetsInParallel = 1;
				LastUpgradeCheck = 2600;
			};
			buildConfigurationList = A2B7176B2EA5424E00AF521F /* Build configuration list for PBXProject "MyWebSite" */;
			developmentRegion = en;
			hasScannedForEncodings = 0;
			knownRegions = (
				en,
				Base,
			);
			mainGroup = A2B717672EA5424E00AF521F;
			minimizedProjectReferenceProxies = 1;
			preferredProjectObjectVersion = 77;
			projectDirPath = "";
			projectRoot = "";
			targets = (
			);
		};
/* End PBXProject section */

/* Begin XCBuildConfiguration section */
		A2B7176C2EA5424E00AF521F /* Debug */ = {
			isa = XCBuildConfiguration;
			buildSettings = {
				DEVELOPMENT_TEAM = 8H3H743CV9;
			};
			name = Debug;
		};
		A2B7176D2EA5424E00AF521F /* Release */ = {
			isa = XCBuildConfiguration;
			buildSettings = {
				DEVELOPMENT_TEAM = 8H3H743CV9;
			};
			name = Release;
		};
/* End XCBuildConfiguration section */

/* Begin XCConfigurationList section */
		A2B7176B2EA5424E00AF521F /* Build configuration list for PBXProject "MyWebSite" */ = {
			isa = XCConfigurationList;
			buildConfigurations = (
				A2B7176C2EA5424E00AF521F /* Debug */,
				A2B7176D2EA5424E00AF521F /* Release */,
			);
			defaultConfigurationIsVisible = 0;
			defaultConfigurationName = Release;
		};
/* End XCConfigurationList section */
	};
	rootObject = A2B717682EA5424E00AF521F /* Project object */;
}
